Microsoft Visual Studio Solution File, Format Version 12.00
# Visual Studio Version 17
VisualStudioVersion = 17.5.2.0
MinimumVisualStudioVersion = 10.0.40219.1
Project("{FAE04EC0-301F-11D3-BF4B-00C04F79EFBC}") = "QueueBacklogIntelligence", "QueueBacklogIntelligence.csproj", "{722E577F-48C1-D3EF-ED88-86156861B62B}"
EndProject
Global
	GlobalSection(SolutionConfigurationPlatforms) = preSolution
		Debug|Any CPU = Debug|Any CPU
		Release|Any CPU = Release|Any CPU
	EndGlobalSection
	GlobalSection(ProjectConfigurationPlatforms) = postSolution
		{722E577F-48C1-D3EF-ED88-86156861B62B}.Debug|Any CPU.ActiveCfg = Debug|Any CPU
		{722E577F-48C1-D3EF-ED88-86156861B62B}.Debug|Any CPU.Build.0 = Debug|Any CPU
		{722E577F-48C1-D3EF-ED88-86156861B62B}.Release|Any CPU.ActiveCfg = Release|Any CPU
		{722E577F-48C1-D3EF-ED88-86156861B62B}.Release|Any CPU.Build.0 = Release|Any CPU
	EndGlobalSection
	GlobalSection(SolutionProperties) = preSolution
		HideSolutionNode = FALSE
	EndGlobalSection
	GlobalSection(ExtensibilityGlobals) = postSolution
		SolutionGuid = {7104D8D6-8A7F-4EDA-B981-91BFF2EC9971}
	EndGlobalSection
EndGlobal
